
Microsoft Visual Studio Solution File, Format Version 12.00
Project("{FAE04EC0-301F-11D3-BF4B-00C04F79EFBC}") = "WebApplication2", "WebApplication2\WebApplication2.csproj", "{30F520F7-DFB8-47E8-919A-FDE97148C4DE}"
EndProject
Global
	GlobalSection(SolutionConfigurationPlatforms) = preSolution
		Debug|Any CPU = Debug|Any CPU
		Release|Any CPU = Release|Any CPU
	EndGlobalSection
	GlobalSection(ProjectConfigurationPlatforms) = postSolution
		{30F520F7-DFB8-47E8-919A-FDE97148C4DE}.Debug|Any CPU.ActiveCfg = Debug|Any CPU
		{30F520F7-DFB8-47E8-919A-FDE97148C4DE}.Debug|Any CPU.Build.0 = Debug|Any CPU
		{30F520F7-DFB8-47E8-919A-FDE97148C4DE}.Release|Any CPU.ActiveCfg = Release|Any CPU
		{30F520F7-DFB8-47E8-919A-FDE97148C4DE}.Release|Any CPU.Build.0 = Release|Any CPU
	EndGlobalSection
EndGlobal
